
Microsoft Visual Studio Solution File, Format Version 12.00
# Visual Studio Version 17
VisualStudioVersion = 17.1.31903.286
MinimumVisualStudioVersion = 10.0.40219.1
Project("{9A19103F-16F7-4668-BE54-9A1E7A4F7556}") = "SimAssembler", "SimAssembler.csproj", "{0A7BCDF5-4E5E-498E-8344-4E7A70F30D36}"
EndProject
Global
	GlobalSection(SolutionConfigurationPlatforms) = preSolution
		Debug|Any CPU = Debug|Any CPU
		Release|Any CPU = Release|Any CPU
	EndGlobalSection
	GlobalSection(ProjectConfigurationPlatforms) = postSolution
		{0A7BCDF5-4E5E-498E-8344-4E7A70F30D36}.Debug|Any CPU.ActiveCfg = Debug|Any CPU
		{0A7BCDF5-4E5E-498E-8344-4E7A70F30D36}.Debug|Any CPU.Build.0 = Debug|Any CPU
		{0A7BCDF5-4E5E-498E-8344-4E7A70F30D36}.Release|Any CPU.ActiveCfg = Release|Any CPU
		{0A7BCDF5-4E5E-498E-8344-4E7A70F30D36}.Release|Any CPU.Build.0 = Release|Any CPU
	EndGlobalSection
	GlobalSection(SolutionProperties) = preSolution
		HideSolutionNode = FALSE
	EndGlobalSection
	GlobalSection(ExtensibilityGlobals) = postSolution
		SolutionGuid = {38CA116D-DBC7-49CF-B808-40F6F671D5CE}
	EndGlobalSection
EndGlobal
